// !$*UTF8*$!
{
	archiveVersion = 1;
	classes = {
	};
	objectVersion = 46;
	objects = {

/* Begin PBXBuildFile section */
		A432E1941957C27C00527A52 /* AppDelegate.swift in Sources */ = {isa = PBXBuildFile; fileRef = A432E1931957C27C00527A52 /* AppDelegate.swift */; };
		A432E1971957C27C00527A52 /* ios8_swift_app.xcdatamodeld in Sources */ = {isa = PBXBuildFile; fileRef = A432E1951957C27C00527A52 /* ios8_swift_app.xcdatamodeld */; };
		A432E1991957C27C00527A52 /* Images.xcassets in Resources */ = {isa = PBXBuildFile; fileRef = A432E1981957C27C00527A52 /* Images.xcassets */; };
		A432E1A51957C27C00527A52 /* ios8_swift_appTests.swift in Sources */ = {isa = PBXBuildFile; fileRef = A432E1A41957C27C00527A52 /* ios8_swift_appTests.swift */; };
/* End PBXBuildFile section */

/* Begin PBXContainerItemProxy section */
		A432E19F1957C27C00527A52 /* PBXContainerItemProxy */ = {
			isa = PBXContainerItemProxy;
			containerPortal = A432E1861957C27B00527A52 /* Project object */;
			proxyType = 1;
			remoteGlobalIDString = A432E18D1957C27B00527A52;
			remoteInfo = "ios8 swift app";
		};
/* End PBXContainerItemProxy section */

/* Begin PBXFileReference section */
		A432E18E1957C27B00527A52 /* ios8 swift app.app */ = {isa = PBXFileReference; explicitFileType = wrapper.application; includeInIndex = 0; path = "ios8 swift app.app"; sourceTree = BUILT_PRODUCTS_DIR; };
		A432E1921957C27B00527A52 /* Info.plist */ = {isa = PBXFileReference; lastKnownFileType = text.plist.xml; path = Info.plist; sourceTree = "<group>"; };
		A432E1931957C27C00527A52 /* AppDelegate.swift */ = {isa = PBXFileReference; lastKnownFileType = sourcecode.swift; path = AppDelegate.swift; sourceTree = "<group>"; };
		A432E1961957C27C00527A52 /* ios8_swift_app.xcdatamodel */ = {isa = PBXFileReference; lastKnownFileType = wrapper.xcdatamodel; path = ios8_swift_app.xcdatamodel; sourceTree = "<group>"; };
		A432E1981957C27C00527A52 /* Images.xcassets */ = {isa = PBXFileReference; lastKnownFileType = folder.assetcatalog; path = Images.xcassets; sourceTree = "<group>"; };
		A432E19E1957C27C00527A52 /* ios8 swift appTests.xctest */ = {isa = PBXFileReference; explicitFileType = wrapper.cfbundle; includeInIndex = 0; path = "ios8 swift appTests.xctest"; sourceTree = BUILT_PRODUCTS_DIR; };
		A432E1A31957C27C00527A52 /* Info.plist */ = {isa = PBXFileReference; lastKnownFileType = text.plist.xml; path = Info.plist; sourceTree = "<group>"; };
		A432E1A41957C27C00527A52 /* ios8_swift_appTests.swift */ = {isa = PBXFileReference; lastKnownFileType = sourcecode.swift; path = ios8_swift_appTests.swift; sourceTree = "<group>"; };
/* End PBXFileReference section */

/* Begin PBXFrameworksBuildPhase section */
		A432E18B1957C27B00527A52 /* Frameworks */ = {
			isa = PBXFrameworksBuildPhase;
			buildActionMask = 2147483647;
			files = (
			);
			runOnlyForDeploymentPostprocessing = 0;
		};
		A432E19B1957C27C00527A52 /* Frameworks */ = {
			isa = PBXFrameworksBuildPhase;
			buildActionMask = 2147483647;
			files = (
			);
			runOnlyForDeploymentPostprocessing = 0;
		};
/* End PBXFrameworksBuildPhase section */

/* Begin PBXGroup section */
		A432E1851957C27B00527A52 = {
			isa = PBXGroup;
			children = (
				A432E1901957C27B00527A52 /* ios8 swift app */,
				A432E1A11957C27C00527A52 /* ios8 swift appTests */,
				A432E18F1957C27B00527A52 /* Products */,
			);
			sourceTree = "<group>";
		};
		A432E18F1957C27B00527A52 /* Products */ = {
			isa = PBXGroup;
			children = (
				A432E18E1957C27B00527A52 /* ios8 swift app.app */,
				A432E19E1957C27C00527A52 /* ios8 swift appTests.xctest */,
			);
			name = Products;
			sourceTree = "<group>";
		};
		A432E1901957C27B00527A52 /* ios8 swift app */ = {
			isa = PBXGroup;
			children = (
				A432E1931957C27C00527A52 /* AppDelegate.swift */,
				A432E1981957C27C00527A52 /* Images.xcassets */,
				A432E1951957C27C00527A52 /* ios8_swift_app.xcdatamodeld */,
				A432E1911957C27B00527A52 /* Supporting Files */,
			);
			path = "ios8 swift app";
			sourceTree = "<group>";
		};
		A432E1911957C27B00527A52 /* Supporting Files */ = {
			isa = PBXGroup;
			children = (
				A432E1921957C27B00527A52 /* Info.plist */,
			);
			name = "Supporting Files";
			sourceTree = "<group>";
		};
		A432E1A11957C27C00527A52 /* ios8 swift appTests */ = {
			isa = PBXGroup;
			children = (
				A432E1A41957C27C00527A52 /* ios8_swift_appTests.swift */,
				A432E1A21957C27C00527A52 /* Supporting Files */,
			);
			path = "ios8 swift appTests";
			sourceTree = "<group>";
		};
		A432E1A21957C27C00527A52 /* Supporting Files */ = {
			isa = PBXGroup;
			children = (
				A432E1A31957C27C00527A52 /* Info.plist */,
			);
			name = "Supporting Files";
			sourceTree = "<group>";
		};
/* End PBXGroup section */

/* Begin PBXNativeTarget section */
		A432E18D1957C27B00527A52 /* ios8 swift app */ = {
			isa = PBXNativeTarget;
			buildConfigurationList = A432E1A81957C27C00527A52 /* Build configuration list for PBXNativeTarget "ios8 swift app" */;
			buildPhases = (
				A432E18A1957C27B00527A52 /* Sources */,
				A432E18B1957C27B00527A52 /* Frameworks */,
				A432E18C1957C27B00527A52 /* Resources */,
			);
			buildRules = (
			);
			dependencies = (
			);
			name = "ios8 swift app";
			productName = "ios8 swift app";
			productReference = A432E18E1957C27B00527A52 /* ios8 swift app.app */;
			productType = "com.apple.product-type.application";
		};
		A432E19D1957C27C00527A52 /* ios8 swift appTests */ = {
			isa = PBXNativeTarget;
			buildConfigurationList = A432E1AB1957C27C00527A52 /* Build configuration list for PBXNativeTarget "ios8 swift appTests" */;
			buildPhases = (
				A432E19A1957C27C00527A52 /* Sources */,
				A432E19B1957C27C00527A52 /* Frameworks */,
				A432E19C1957C27C00527A52 /* Resources */,
			);
			buildRules = (
			);
			dependencies = (
				A432E1A01957C27C00527A52 /* PBXTargetDependency */,
			);
			name = "ios8 swift appTests";
			productName = "ios8 swift appTests";
			productReference = A432E19E1957C27C00527A52 /* ios8 swift appTests.xctest */;
			productType = "com.apple.product-type.bundle.unit-test";
		};
/* End PBXNativeTarget section */

/* Begin PBXProject section */
		A432E1861957C27B00527A52 /* Project object */ = {
			isa = PBXProject;
			attributes = {
				LastUpgradeCheck = 0600;
				ORGANIZATIONNAME = "吉亨斗";
				TargetAttributes = {
					A432E18D1957C27B00527A52 = {
						CreatedOnToolsVersion = 6.0;
					};
					A432E19D1957C27C00527A52 = {
						CreatedOnToolsVersion = 6.0;
						TestTargetID = A432E18D1957C27B00527A52;
					};
				};
			};
			buildConfigurationList = A432E1891957C27B00527A52 /* Build configuration list for PBXProject "ios8 swift app" */;
			compatibilityVersion = "Xcode 3.2";
			developmentRegion = English;
			hasScannedForEncodings = 0;
			knownRegions = (
				en,
			);
			mainGroup = A432E1851957C27B00527A52;
			productRefGroup = A432E18F1957C27B00527A52 /* Products */;
			projectDirPath = "";
			projectRoot = "";
			targets = (
				A432E18D1957C27B00527A52 /* ios8 swift app */,
				A432E19D1957C27C00527A52 /* ios8 swift appTests */,
			);
		};
/* End PBXProject section */

/* Begin PBXResourcesBuildPhase section */
		A432E18C1957C27B00527A52 /* Resources */ = {
			isa = PBXResourcesBuildPhase;
			buildActionMask = 2147483647;
			files = (
				A432E1991957C27C00527A52 /* Images.xcassets in Resources */,
			);
			runOnlyForDeploymentPostprocessing = 0;
		};
		A432E19C1957C27C00527A52 /* Resources */ = {
			isa = PBXResourcesBuildPhase;
			buildActionMask = 2147483647;
			files = (
			);
			runOnlyForDeploymentPostprocessing = 0;
		};
/* End PBXResourcesBuildPhase section */

/* Begin PBXSourcesBuildPhase section */
		A432E18A1957C27B00527A52 /* Sources */ = {
			isa = PBXSourcesBuildPhase;
			buildActionMask = 2147483647;
			files = (
				A432E1971957C27C00527A52 /* ios8_swift_app.xcdatamodeld in Sources */,
				A432E1941957C27C00527A52 /* AppDelegate.swift in Sources */,
			);
			runOnlyForDeploymentPostprocessing = 0;
		};
		A432E19A1957C27C00527A52 /* Sources */ = {
			isa = PBXSourcesBuildPhase;
			buildActionMask = 2147483647;
			files = (
				A432E1A51957C27C00527A52 /* ios8_swift_appTests.swift in Sources */,
			);
			runOnlyForDeploymentPostprocessing = 0;
		};
/* End PBXSourcesBuildPhase section */

/* Begin PBXTargetDependency section */
		A432E1A01957C27C00527A52 /* PBXTargetDependency */ = {
			isa = PBXTargetDependency;
			target = A432E18D1957C27B00527A52 /* ios8 swift app */;
			targetProxy = A432E19F1957C27C00527A52 /* PBXContainerItemProxy */;
		};
/* End PBXTargetDependency section */

/* Begin XCBuildConfiguration section */
		A432E1A61957C27C00527A52 /* Debug */ = {
			isa = XCBuildConfiguration;
			buildSettings = {
				ALWAYS_SEARCH_USER_PATHS = NO;
				CLANG_CXX_LANGUAGE_STANDARD = "gnu++0x";
				CLANG_CXX_LIBRARY = "libc++";
				CLANG_ENABLE_MODULES = YES;
				CLANG_ENABLE_OBJC_ARC = YES;
				CLANG_WARN_BOOL_CONVERSION = YES;
				CLANG_WARN_CONSTANT_CONVERSION = YES;
				CLANG_WARN_DIRECT_OBJC_ISA_USAGE = YES_ERROR;
				CLANG_WARN_EMPTY_BODY = YES;
				CLANG_WARN_ENUM_CONVERSION = YES;
				CLANG_WARN_INT_CONVERSION = YES;
				CLANG_WARN_OBJC_ROOT_CLASS = YES_ERROR;
				CLANG_WARN_UNREACHABLE_CODE = YES;
				CLANG_WARN__DUPLICATE_METHOD_MATCH = YES;
				"CODE_SIGN_IDENTITY[sdk=iphoneos*]" = "iPhone Developer";
				COPY_PHASE_STRIP = NO;
				ENABLE_STRICT_OBJC_MSGSEND = YES;
				GCC_C_LANGUAGE_STANDARD = gnu99;
				GCC_DYNAMIC_NO_PIC = NO;
				GCC_OPTIMIZATION_LEVEL = 0;
				GCC_PREPROCESSOR_DEFINITIONS = (
					"DEBUG=1",
					"$(inherited)",
				);
				GCC_SYMBOLS_PRIVATE_EXTERN = NO;
				GCC_WARN_64_TO_32_BIT_CONVERSION = YES;
				GCC_WARN_ABOUT_RETURN_TYPE = YES_ERROR;
				GCC_WARN_UNDECLARED_SELECTOR = YES;
				GCC_WARN_UNINITIALIZED_AUTOS = YES_AGGRESSIVE;
				GCC_WARN_UNUSED_FUNCTION = YES;
				GCC_WARN_UNUSED_VARIABLE = YES;
				IPHONEOS_DEPLOYMENT_TARGET = 8.0;
				METAL_ENABLE_DEBUG_INFO = YES;
				ONLY_ACTIVE_ARCH = YES;
				SDKROOT = iphoneos;
				SWIFT_OPTIMIZATION_LEVEL = "-Onone";
				TARGETED_DEVICE_FAMILY = "1,2";
			};
			name = Debug;
		};
		A432E1A71957C27C00527A52 /* Release */ = {
			isa = XCBuildConfiguration;
			buildSettings = {
				ALWAYS_SEARCH_USER_PATHS = NO;
				CLANG_CXX_LANGUAGE_STANDARD = "gnu++0x";
				CLANG_CXX_LIBRARY = "libc++";
				CLANG_ENABLE_MODULES = YES;
				CLANG_ENABLE_OBJC_ARC = YES;
				CLANG_WARN_BOOL_CONVERSION = YES;
				CLANG_WARN_CONSTANT_CONVERSION = YES;
				CLANG_WARN_DIRECT_OBJC_ISA_USAGE = YES_ERROR;
				CLANG_WARN_EMPTY_BODY = YES;
				CLANG_WARN_ENUM_CONVERSION = YES;
				CLANG_WARN_INT_CONVERSION = YES;
				CLANG_WARN_OBJC_ROOT_CLASS = YES_ERROR;
				CLANG_WARN_UNREACHABLE_CODE = YES;
				CLANG_WARN__DUPLICATE_METHOD_MATCH = YES;
				"CODE_SIGN_IDENTITY[sdk=iphoneos*]" = "iPhone Developer";
				COPY_PHASE_STRIP = YES;
				ENABLE_NS_ASSERTIONS = NO;
				ENABLE_STRICT_OBJC_MSGSEND = YES;
				GCC_C_LANGUAGE_STANDARD = gnu99;
				GCC_WARN_64_TO_32_BIT_CONVERSION = YES;
				GCC_WARN_ABOUT_RETURN_TYPE = YES_ERROR;
				GCC_WARN_UNDECLARED_SELECTOR = YES;
				GCC_WARN_UNINITIALIZED_AUTOS = YES_AGGRESSIVE;
				GCC_WARN_UNUSED_FUNCTION = YES;
				GCC_WARN_UNUSED_VARIABLE = YES;
				IPHONEOS_DEPLOYMENT_TARGET = 8.0;
				METAL_ENABLE_DEBUG_INFO = NO;
				SDKROOT = iphoneos;
				TARGETED_DEVICE_FAMILY = "1,2";
				VALIDATE_PRODUCT = YES;
			};
			name = Release;
		};
		A432E1A91957C27C00527A52 /* Debug */ = {
			isa = XCBuildConfiguration;
			buildSettings = {
				ASSETCATALOG_COMPILER_APPICON_NAME = AppIcon;
				ASSETCATALOG_COMPILER_LAUNCHIMAGE_NAME = LaunchImage;
				INFOPLIST_FILE = "ios8 swift app/Info.plist";
				LD_RUNPATH_SEARCH_PATHS = "$(inherited) @executable_path/Frameworks";
				PRODUCT_NAME = "$(TARGET_NAME)";
			};
			name = Debug;
		};
		A432E1AA1957C27C00527A52 /* Release */ = {
			isa = XCBuildConfiguration;
			buildSettings = {
				ASSETCATALOG_COMPILER_APPICON_NAME = AppIcon;
				ASSETCATALOG_COMPILER_LAUNCHIMAGE_NAME = LaunchImage;
				INFOPLIST_FILE = "ios8 swift app/Info.plist";
				LD_RUNPATH_SEARCH_PATHS = "$(inherited) @executable_path/Frameworks";
				PRODUCT_NAME = "$(TARGET_NAME)";
			};
			name = Release;
		};
		A432E1AC1957C27C00527A52 /* Debug */ = {
			isa = XCBuildConfiguration;
			buildSettings = {
				BUNDLE_LOADER = "$(BUILT_PRODUCTS_DIR)/ios8 swift app.app/ios8 swift app";
				FRAMEWORK_SEARCH_PATHS = (
					"$(SDKROOT)/Developer/Library/Frameworks",
					"$(inherited)",
				);
				GCC_PREPROCESSOR_DEFINITIONS = (
					"DEBUG=1",
					"$(inherited)",
				);
				INFOPLIST_FILE = "ios8 swift appTests/Info.plist";
				LD_RUNPATH_SEARCH_PATHS = "$(inherited) @executable_path/Frameworks @loader_path/Frameworks";
				METAL_ENABLE_DEBUG_INFO = YES;
				PRODUCT_NAME = "$(TARGET_NAME)";
				TEST_HOST = "$(BUNDLE_LOADER)";
			};
			name = Debug;
		};
		A432E1AD1957C27C00527A52 /* Release */ = {
			isa = XCBuildConfiguration;
			buildSettings = {
				BUNDLE_LOADER = "$(BUILT_PRODUCTS_DIR)/ios8 swift app.app/ios8 swift app";
				FRAMEWORK_SEARCH_PATHS = (
					"$(SDKROOT)/Developer/Library/Frameworks",
					"$(inherited)",
				);
				INFOPLIST_FILE = "ios8 swift appTests/Info.plist";
				LD_RUNPATH_SEARCH_PATHS = "$(inherited) @executable_path/Frameworks @loader_path/Frameworks";
				METAL_ENABLE_DEBUG_INFO = NO;
				PRODUCT_NAME = "$(TARGET_NAME)";
				TEST_HOST = "$(BUNDLE_LOADER)";
			};
			name = Release;
		};
/* End XCBuildConfiguration section */

/* Begin XCConfigurationList section */
		A432E1891957C27B00527A52 /* Build configuration list for PBXProject "ios8 swift app" */ = {
			isa = XCConfigurationList;
			buildConfigurations = (
				A432E1A61957C27C00527A52 /* Debug */,
				A432E1A71957C27C00527A52 /* Release */,
			);
			defaultConfigurationIsVisible = 0;
			defaultConfigurationName = Release;
		};
		A432E1A81957C27C00527A52 /* Build configuration list for PBXNativeTarget "ios8 swift app" */ = {
			isa = XCConfigurationList;
			buildConfigurations = (
				A432E1A91957C27C00527A52 /* Debug */,
				A432E1AA1957C27C00527A52 /* Release */,
			);
			defaultConfigurationIsVisible = 0;
		};
		A432E1AB1957C27C00527A52 /* Build configuration list for PBXNativeTarget "ios8 swift appTests" */ = {
			isa = XCConfigurationList;
			buildConfigurations = (
				A432E1AC1957C27C00527A52 /* Debug */,
				A432E1AD1957C27C00527A52 /* Release */,
			);
			defaultConfigurationIsVisible = 0;
		};
/* End XCConfigurationList section */

/* Begin XCVersionGroup section */
		A432E1951957C27C00527A52 /* ios8_swift_app.xcdatamodeld */ = {
			isa = XCVersionGroup;
			children = (
				A432E1961957C27C00527A52 /* ios8_swift_app.xcdatamodel */,
			);
			currentVersion = A432E1961957C27C00527A52 /* ios8_swift_app.xcdatamodel */;
			path = ios8_swift_app.xcdatamodeld;
			sourceTree = "<group>";
			versionGroupType = wrapper.xcdatamodel;
		};
/* End XCVersionGroup section */
	};
	rootObject = A432E1861957C27B00527A52 /* Project object */;
}
